
Microsoft Visual Studio Solution File, Format Version 12.00
# Visual Studio Version 16
VisualStudioVersion = 16.0.31727.386
MinimumVisualStudioVersion = 10.0.40219.1
Project("{9A19103F-16F7-4668-BE54-9A1E7A4F7556}") = "GroveBaseHatRPI", "GroveBaseHatRPI\GroveBaseHatRPI.csproj", "{8E28E5F2-6CA6-40CD-97B6-E6EA46897DDE}"
EndProject
Project("{9A19103F-16F7-4668-BE54-9A1E7A4F7556}") = "SensirionSHT20", "SensirionSHT20\SensirionSHT20.csproj", "{AECCEE5A-5C27-4A04-9926-5F0034F7EEFC}"
EndProject
Project("{FAE04EC0-301F-11D3-BF4B-00C04F79EFBC}") = "WTFarmbeatsV0", "WTFarmbeatsV0\WTFarmbeatsV0.csproj", "{FA19C147-B9BF-4E66-8B20-7F0F4A697C3C}"
EndProject
Global
	GlobalSection(SolutionConfigurationPlatforms) = preSolution
		Debug|Any CPU = Debug|Any CPU
		Release|Any CPU = Release|Any CPU
	EndGlobalSection
	GlobalSection(ProjectConfigurationPlatforms) = postSolution
		{8E28E5F2-6CA6-40CD-97B6-E6EA46897DDE}.Debug|Any CPU.ActiveCfg = Debug|Any CPU
		{8E28E5F2-6CA6-40CD-97B6-E6EA46897DDE}.Debug|Any CPU.Build.0 = Debug|Any CPU
		{8E28E5F2-6CA6-40CD-97B6-E6EA46897DDE}.Release|Any CPU.ActiveCfg = Release|Any CPU
		{8E28E5F2-6CA6-40CD-97B6-E6EA46897DDE}.Release|Any CPU.Build.0 = Release|Any CPU
		{AECCEE5A-5C27-4A04-9926-5F0034F7EEFC}.Debug|Any CPU.ActiveCfg = Debug|Any CPU
		{AECCEE5A-5C27-4A04-9926-5F0034F7EEFC}.Debug|Any CPU.Build.0 = Debug|Any CPU
		{AECCEE5A-5C27-4A04-9926-5F0034F7EEFC}.Release|Any CPU.ActiveCfg = Release|Any CPU
		{AECCEE5A-5C27-4A04-9926-5F0034F7EEFC}.Release|Any CPU.Build.0 = Release|Any CPU
		{FA19C147-B9BF-4E66-8B20-7F0F4A697C3C}.Debug|Any CPU.ActiveCfg = Debug|Any CPU
		{FA19C147-B9BF-4E66-8B20-7F0F4A697C3C}.Debug|Any CPU.Build.0 = Debug|Any CPU
		{FA19C147-B9BF-4E66-8B20-7F0F4A697C3C}.Release|Any CPU.ActiveCfg = Release|Any CPU
		{FA19C147-B9BF-4E66-8B20-7F0F4A697C3C}.Release|Any CPU.Build.0 = Release|Any CPU
	EndGlobalSection
	GlobalSection(SolutionProperties) = preSolution
		HideSolutionNode = FALSE
	EndGlobalSection
	GlobalSection(ExtensibilityGlobals) = postSolution
		SolutionGuid = {5A0F712D-EDB1-4974-AEEE-ED21F0B0002F}
	EndGlobalSection
EndGlobal
